
Microsoft Visual Studio Solution File, Format Version 12.00
# Visual Studio Version 18
VisualStudioVersion = 18.3.11520.95 d18.3
MinimumVisualStudioVersion = 10.0.40219.1
Project("{FAE04EC0-301F-11D3-BF4B-00C04F79EFBC}") = "eCommerce.WebAPI", "eCommerce.WebAPI\eCommerce.WebAPI.csproj", "{61DC300A-8DD9-4D95-A4EF-12AF9EBD0ADB}"
EndProject
Project("{FAE04EC0-301F-11D3-BF4B-00C04F79EFBC}") = "eCommerce.Services", "eCommerce.Services\eCommerce.Services.csproj", "{E77269E0-FE87-423B-9396-3F5F352E0E40}"
EndProject
Project("{FAE04EC0-301F-11D3-BF4B-00C04F79EFBC}") = "eCommerce.Model", "eCommerce.Model\eCommerce.Model.csproj", "{02F74544-38EE-4455-9247-89FFA8DC0F9C}"
EndProject
Project("{FAE04EC0-301F-11D3-BF4B-00C04F79EFBC}") = "eCommerce.Common.Services", "eCommerce.Common.Services\eCommerce.Common.Services.csproj", "{1FC403E9-0F07-418C-AFDD-C35D9D63DD30}"
EndProject
Global
	GlobalSection(SolutionConfigurationPlatforms) = preSolution
		Debug|Any CPU = Debug|Any CPU
		Debug|x64 = Debug|x64
		Debug|x86 = Debug|x86
		Release|Any CPU = Release|Any CPU
		Release|x64 = Release|x64
		Release|x86 = Release|x86
	EndGlobalSection
	GlobalSection(ProjectConfigurationPlatforms) = postSolution
		{61DC300A-8DD9-4D95-A4EF-12AF9EBD0ADB}.Debug|Any CPU.ActiveCfg = Debug|Any CPU
		{61DC300A-8DD9-4D95-A4EF-12AF9EBD0ADB}.Debug|Any CPU.Build.0 = Debug|Any CPU
		{61DC300A-8DD9-4D95-A4EF-12AF9EBD0ADB}.Debug|x64.ActiveCfg = Debug|Any CPU
		{61DC300A-8DD9-4D95-A4EF-12AF9EBD0ADB}.Debug|x64.Build.0 = Debug|Any CPU
		{61DC300A-8DD9-4D95-A4EF-12AF9EBD0ADB}.Debug|x86.ActiveCfg = Debug|Any CPU
		{61DC300A-8DD9-4D95-A4EF-12AF9EBD0ADB}.Debug|x86.Build.0 = Debug|Any CPU
		{61DC300A-8DD9-4D95-A4EF-12AF9EBD0ADB}.Release|Any CPU.ActiveCfg = Release|Any CPU
		{61DC300A-8DD9-4D95-A4EF-12AF9EBD0ADB}.Release|Any CPU.Build.0 = Release|Any CPU
		{61DC300A-8DD9-4D95-A4EF-12AF9EBD0ADB}.Release|x64.ActiveCfg = Release|Any CPU
		{61DC300A-8DD9-4D95-A4EF-12AF9EBD0ADB}.Release|x64.Build.0 = Release|Any CPU
		{61DC300A-8DD9-4D95-A4EF-12AF9EBD0ADB}.Release|x86.ActiveCfg = Release|Any CPU
		{61DC300A-8DD9-4D95-A4EF-12AF9EBD0ADB}.Release|x86.Build.0 = Release|Any CPU
		{E77269E0-FE87-423B-9396-3F5F352E0E40}.Debug|Any CPU.ActiveCfg = Debug|Any CPU
		{E77269E0-FE87-423B-9396-3F5F352E0E40}.Debug|Any CPU.Build.0 = Debug|Any CPU
		{E77269E0-FE87-423B-9396-3F5F352E0E40}.Debug|x64.ActiveCfg = Debug|Any CPU
		{E77269E0-FE87-423B-9396-3F5F352E0E40}.Debug|x64.Build.0 = Debug|Any CPU
		{E77269E0-FE87-423B-9396-3F5F352E0E40}.Debug|x86.ActiveCfg = Debug|Any CPU
		{E77269E0-FE87-423B-9396-3F5F352E0E40}.Debug|x86.Build.0 = Debug|Any CPU
		{E77269E0-FE87-423B-9396-3F5F352E0E40}.Release|Any CPU.ActiveCfg = Release|Any CPU
		{E77269E0-FE87-423B-9396-3F5F352E0E40}.Release|Any CPU.Build.0 = Release|Any CPU
		{E77269E0-FE87-423B-9396-3F5F352E0E40}.Release|x64.ActiveCfg = Release|Any CPU
		{E77269E0-FE87-423B-9396-3F5F352E0E40}.Release|x64.Build.0 = Release|Any CPU
		{E77269E0-FE87-423B-9396-3F5F352E0E40}.Release|x86.ActiveCfg = Release|Any CPU
		{E77269E0-FE87-423B-9396-3F5F352E0E40}.Release|x86.Build.0 = Release|Any CPU
		{02F74544-38EE-4455-9247-89FFA8DC0F9C}.Debug|Any CPU.ActiveCfg = Debug|Any CPU
		{02F74544-38EE-4455-9247-89FFA8DC0F9C}.Debug|Any CPU.Build.0 = Debug|Any CPU
		{02F74544-38EE-4455-9247-89FFA8DC0F9C}.Debug|x64.ActiveCfg = Debug|Any CPU
		{02F74544-38EE-4455-9247-89FFA8DC0F9C}.Debug|x64.Build.0 = Debug|Any CPU
		{02F74544-38EE-4455-9247-89FFA8DC0F9C}.Debug|x86.ActiveCfg = Debug|Any CPU
		{02F74544-38EE-4455-9247-89FFA8DC0F9C}.Debug|x86.Build.0 = Debug|Any CPU
		{02F74544-38EE-4455-9247-89FFA8DC0F9C}.Release|Any CPU.ActiveCfg = Release|Any CPU
		{02F74544-38EE-4455-9247-89FFA8DC0F9C}.Release|Any CPU.Build.0 = Release|Any CPU
		{02F74544-38EE-4455-9247-89FFA8DC0F9C}.Release|x64.ActiveCfg = Release|Any CPU
		{02F74544-38EE-4455-9247-89FFA8DC0F9C}.Release|x64.Build.0 = Release|Any CPU
		{02F74544-38EE-4455-9247-89FFA8DC0F9C}.Release|x86.ActiveCfg = Release|Any CPU
		{02F74544-38EE-4455-9247-89FFA8DC0F9C}.Release|x86.Build.0 = Release|Any CPU
		{1FC403E9-0F07-418C-AFDD-C35D9D63DD30}.Debug|Any CPU.ActiveCfg = Debug|Any CPU
		{1FC403E9-0F07-418C-AFDD-C35D9D63DD30}.Debug|Any CPU.Build.0 = Debug|Any CPU
		{1FC403E9-0F07-418C-AFDD-C35D9D63DD30}.Debug|x64.ActiveCfg = Debug|Any CPU
		{1FC403E9-0F07-418C-AFDD-C35D9D63DD30}.Debug|x64.Build.0 = Debug|Any CPU
		{1FC403E9-0F07-418C-AFDD-C35D9D63DD30}.Debug|x86.ActiveCfg = Debug|Any CPU
		{1FC403E9-0F07-418C-AFDD-C35D9D63DD30}.Debug|x86.Build.0 = Debug|Any CPU
		{1FC403E9-0F07-418C-AFDD-C35D9D63DD30}.Release|Any CPU.ActiveCfg = Release|Any CPU
		{1FC403E9-0F07-418C-AFDD-C35D9D63DD30}.Release|Any CPU.Build.0 = Release|Any CPU
		{1FC403E9-0F07-418C-AFDD-C35D9D63DD30}.Release|x64.ActiveCfg = Release|Any CPU
		{1FC403E9-0F07-418C-AFDD-C35D9D63DD30}.Release|x64.Build.0 = Release|Any CPU
		{1FC403E9-0F07-418C-AFDD-C35D9D63DD30}.Release|x86.ActiveCfg = Release|Any CPU
		{1FC403E9-0F07-418C-AFDD-C35D9D63DD30}.Release|x86.Build.0 = Release|Any CPU
	EndGlobalSection
	GlobalSection(SolutionProperties) = preSolution
		HideSolutionNode = FALSE
	EndGlobalSection
	GlobalSection(ExtensibilityGlobals) = postSolution
		SolutionGuid = {558DBC94-1EAA-4146-BD2B-C16FA0773CEC}
	EndGlobalSection
EndGlobal
